lockfileVersion: '9.0'

settings:
  autoInstallPeers: true
  excludeLinksFromLockfile: false

importers:

  .:
    dependencies:
      '@babel/core':
        specifier: ^7.23.0
        version: 7.27.4
      '@parcel/core':
        specifier: ^2.0.0
        version: 2.15.2
      '@parcel/plugin':
        specifier: ^2.12.0
        version: 2.15.2(@parcel/core@2.15.2)
      '@prefresh/babel-plugin':
        specifier: ^0.5.1
        version: 0.5.1
      '@prefresh/core':
        specifier: ^1.5.2
        version: 1.5.3(preact@10.26.8)
      '@prefresh/utils':
        specifier: ^1.2.0
        version: 1.2.0
      preact:
        specifier: ^10.0.0
        version: 10.26.8

packages:

  '@ampproject/remapping@2.3.0':
    resolution: {integrity: sha512-30iZtAPgz+LTIYoeivqYo853f02jBYSd5uGnGpkFV0M3xOt9aN73erkgYAmZU43x4VfqcnLxW9Kpg3R5LC4YYw==}
    engines: {node: '>=6.0.0'}

  '@babel/code-frame@7.27.1':
    resolution: {integrity: sha512-cjQ7ZlQ0Mv3b47hABuTevyTuYN4i+loJKGeV9flcCgIK37cCXRh+L1bd3iBHlynerhQ7BhCkn2BPbQUL+rGqFg==}
    engines: {node: '>=6.9.0'}

  '@babel/compat-data@7.27.5':
    resolution: {integrity: sha512-KiRAp/VoJaWkkte84TvUd9qjdbZAdiqyvMxrGl1N6vzFogKmaLgoM3L1kgtLicp2HP5fBJS8JrZKLVIZGVJAVg==}
    engines: {node: '>=6.9.0'}

  '@babel/core@7.27.4':
    resolution: {integrity: sha512-bXYxrXFubeYdvB0NhD/NBB3Qi6aZeV20GOWVI47t2dkecCEoneR4NPVcb7abpXDEvejgrUfFtG6vG/zxAKmg+g==}
    engines: {node: '>=6.9.0'}

  '@babel/generator@7.27.5':
    resolution: {integrity: sha512-ZGhA37l0e/g2s1Cnzdix0O3aLYm66eF8aufiVteOgnwxgnRP8GoyMj7VWsgWnQbVKXyge7hqrFh2K2TQM6t1Hw==}
    engines: {node: '>=6.9.0'}

  '@babel/helper-compilation-targets@7.27.2':
    resolution: {integrity: sha512-2+1thGUUWWjLTYTHZWK1n8Yga0ijBz1XAhUXcKy81rd5g6yh7hGqMp45v7cadSbEHc9G3OTv45SyneRN3ps4DQ==}
    engines: {node: '>=6.9.0'}

  '@babel/helper-module-imports@7.27.1':
    resolution: {integrity: sha512-0gSFWUPNXNopqtIPQvlD5WgXYI5GY2kP2cCvoT8kczjbfcfuIljTbcWrulD1CIPIX2gt1wghbDy08yE1p+/r3w==}
    engines: {node: '>=6.9.0'}

  '@babel/helper-module-transforms@7.27.3':
    resolution: {integrity: sha512-dSOvYwvyLsWBeIRyOeHXp5vPj5l1I011r52FM1+r1jCERv+aFXYk4whgQccYEGYxK2H3ZAIA8nuPkQ0HaUo3qg==}
    engines: {node: '>=6.9.0'}
    peerDependencies:
      '@babel/core': ^7.0.0

  '@babel/helper-string-parser@7.27.1':
    resolution: {integrity: sha512-qMlSxKbpRlAridDExk92nSobyDdpPijUq2DW6oDnUqd0iOGxmQjyqhMIihI9+zv4LPyZdRje2cavWPbCbWm3eA==}
    engines: {node: '>=6.9.0'}

  '@babel/helper-validator-identifier@7.27.1':
    resolution: {integrity: sha512-D2hP9eA+Sqx1kBZgzxZh0y1trbuU+JoDkiEwqhQ36nodYqJwyEIhPSdMNd7lOm/4io72luTPWH20Yda0xOuUow==}
    engines: {node: '>=6.9.0'}

  '@babel/helper-validator-option@7.27.1':
    resolution: {integrity: sha512-YvjJow9FxbhFFKDSuFnVCe2WxXk1zWc22fFePVNEaWJEu8IrZVlda6N0uHwzZrUM1il7NC9Mlp4MaJYbYd9JSg==}
    engines: {node: '>=6.9.0'}

  '@babel/helpers@7.27.6':
    resolution: {integrity: sha512-muE8Tt8M22638HU31A3CgfSUciwz1fhATfoVai05aPXGor//CdWDCbnlY1yvBPo07njuVOCNGCSp/GTt12lIug==}
    engines: {node: '>=6.9.0'}

  '@babel/parser@7.27.5':
    resolution: {integrity: sha512-OsQd175SxWkGlzbny8J3K8TnnDD0N3lrIUtB92xwyRpzaenGZhxDvxN/JgU00U3CDZNj9tPuDJ5H0WS4Nt3vKg==}
    engines: {node: '>=6.0.0'}
    hasBin: true

  '@babel/template@7.27.2':
    resolution: {integrity: sha512-LPDZ85aEJyYSd18/DkjNh4/y1ntkE5KwUHWTiqgRxruuZL2F1yuHligVHLvcHY2vMHXttKFpJn6LwfI7cw7ODw==}
    engines: {node: '>=6.9.0'}

  '@babel/traverse@7.27.4':
    resolution: {integrity: sha512-oNcu2QbHqts9BtOWJosOVJapWjBDSxGCpFvikNR5TGDYDQf3JwpIoMzIKrvfoti93cLfPJEG4tH9SPVeyCGgdA==}
    engines: {node: '>=6.9.0'}

  '@babel/types@7.27.6':
    resolution: {integrity: sha512-ETyHEk2VHHvl9b9jZP5IHPavHYk57EhanlRRuae9XCpb/j5bDCbPPMOBfCWhnl/7EDJz0jEMCi/RhccCE8r1+Q==}
    engines: {node: '>=6.9.0'}

  '@jridgewell/gen-mapping@0.3.8':
    resolution: {integrity: sha512-imAbBGkb+ebQyxKgzv5Hu2nmROxoDOXHh80evxdoXNOrvAnVx7zimzc1Oo5h9RlfV4vPXaE2iM5pOFbvOCClWA==}
    engines: {node: '>=6.0.0'}

  '@jridgewell/resolve-uri@3.1.2':
    resolution: {integrity: sha512-bRISgCIjP20/tbWSPWMEi54QVPRZExkuD9lJL+UIxUKtwVJA8wW1Trb1jMs1RFXo1CBTNZ/5hpC9QvmKWdopKw==}
    engines: {node: '>=6.0.0'}

  '@jridgewell/set-array@1.2.1':
    resolution: {integrity: sha512-R8gLRTZeyp03ymzP/6Lil/28tGeGEzhx1q2k703KGWRAI1VdvPIXdG70VJc2pAMw3NA6JKL5hhFu1sJX0Mnn/A==}
    engines: {node: '>=6.0.0'}

  '@jridgewell/sourcemap-codec@1.5.0':
    resolution: {integrity: sha512-gv3ZRaISU3fjPAgNsriBRqGWQL6quFx04YMPW/zD8XMLsU32mhCCbfbO6KZFLjvYpCZ8zyDEgqsgf+PwPaM7GQ==}

  '@jridgewell/trace-mapping@0.3.25':
    resolution: {integrity: sha512-vNk6aEwybGtawWmy/PzwnGDOjCkLWSD2wqvjGGAgOAwCGWySYXfYoxt00IJkTF+8Lb57DwOb3Aa0o9CApepiYQ==}

  '@lezer/common@1.2.3':
    resolution: {integrity: sha512-w7ojc8ejBqr2REPsWxJjrMFsA/ysDCFICn8zEOR9mrqzOu2amhITYuLD8ag6XZf0CFXDrhKqw7+tW8cX66NaDA==}

  '@lezer/lr@1.4.2':
    resolution: {integrity: sha512-pu0K1jCIdnQ12aWNaAVU5bzi7Bd1w54J3ECgANPmYLtQKP0HBj2cE/5coBD66MT10xbtIuUr7tg0Shbsvk0mDA==}

  '@lmdb/lmdb-darwin-arm64@2.8.5':
    resolution: {integrity: sha512-KPDeVScZgA1oq0CiPBcOa3kHIqU+pTOwRFDIhxvmf8CTNvqdZQYp5cCKW0bUk69VygB2PuTiINFWbY78aR2pQw==}
    cpu: [arm64]
    os: [darwin]

  '@lmdb/lmdb-darwin-x64@2.8.5':
    resolution: {integrity: sha512-w/sLhN4T7MW1nB3R/U8WK5BgQLz904wh+/SmA2jD8NnF7BLLoUgflCNxOeSPOWp8geP6nP/+VjWzZVip7rZ1ug==}
    cpu: [x64]
    os: [darwin]

  '@lmdb/lmdb-linux-arm64@2.8.5':
    resolution: {integrity: sha512-vtbZRHH5UDlL01TT5jB576Zox3+hdyogvpcbvVJlmU5PdL3c5V7cj1EODdh1CHPksRl+cws/58ugEHi8bcj4Ww==}
    cpu: [arm64]
    os: [linux]

  '@lmdb/lmdb-linux-arm@2.8.5':
    resolution: {integrity: sha512-c0TGMbm2M55pwTDIfkDLB6BpIsgxV4PjYck2HiOX+cy/JWiBXz32lYbarPqejKs9Flm7YVAKSILUducU9g2RVg==}
    cpu: [arm]
    os: [linux]

  '@lmdb/lmdb-linux-x64@2.8.5':
    resolution: {integrity: sha512-Xkc8IUx9aEhP0zvgeKy7IQ3ReX2N8N1L0WPcQwnZweWmOuKfwpS3GRIYqLtK5za/w3E60zhFfNdS+3pBZPytqQ==}
    cpu: [x64]
    os: [linux]

  '@lmdb/lmdb-win32-x64@2.8.5':
    resolution: {integrity: sha512-4wvrf5BgnR8RpogHhtpCPJMKBmvyZPhhUtEwMJbXh0ni2BucpfF07jlmyM11zRqQ2XIq6PbC2j7W7UCCcm1rRQ==}
    cpu: [x64]
    os: [win32]

  '@mischnic/json-sourcemap@0.1.1':
    resolution: {integrity: sha512-iA7+tyVqfrATAIsIRWQG+a7ZLLD0VaOCKV2Wd/v4mqIU3J9c4jx9p7S0nw1XH3gJCKNBOOwACOPYYSUu9pgT+w==}
    engines: {node: '>=12.0.0'}

  '@msgpackr-extract/msgpackr-extract-darwin-arm64@3.0.3':
    resolution: {integrity: sha512-QZHtlVgbAdy2zAqNA9Gu1UpIuI8Xvsd1v8ic6B2pZmeFnFcMWiPLfWXh7TVw4eGEZ/C9TH281KwhVoeQUKbyjw==}
    cpu: [arm64]
    os: [darwin]

  '@msgpackr-extract/msgpackr-extract-darwin-x64@3.0.3':
    resolution: {integrity: sha512-mdzd3AVzYKuUmiWOQ8GNhl64/IoFGol569zNRdkLReh6LRLHOXxU4U8eq0JwaD8iFHdVGqSy4IjFL4reoWCDFw==}
    cpu: [x64]
    os: [darwin]

  '@msgpackr-extract/msgpackr-extract-linux-arm64@3.0.3':
    resolution: {integrity: sha512-YxQL+ax0XqBJDZiKimS2XQaf+2wDGVa1enVRGzEvLLVFeqa5kx2bWbtcSXgsxjQB7nRqqIGFIcLteF/sHeVtQg==}
    cpu: [arm64]
    os: [linux]

  '@msgpackr-extract/msgpackr-extract-linux-arm@3.0.3':
    resolution: {integrity: sha512-fg0uy/dG/nZEXfYilKoRe7yALaNmHoYeIoJuJ7KJ+YyU2bvY8vPv27f7UKhGRpY6euFYqEVhxCFZgAUNQBM3nw==}
    cpu: [arm]
    os: [linux]

  '@msgpackr-extract/msgpackr-extract-linux-x64@3.0.3':
    resolution: {integrity: sha512-cvwNfbP07pKUfq1uH+S6KJ7dT9K8WOE4ZiAcsrSes+UY55E/0jLYc+vq+DO7jlmqRb5zAggExKm0H7O/CBaesg==}
    cpu: [x64]
    os: [linux]

  '@msgpackr-extract/msgpackr-extract-win32-x64@3.0.3':
    resolution: {integrity: sha512-x0fWaQtYp4E6sktbsdAqnehxDgEc/VwM7uLsRCYWaiGu0ykYdZPiS8zCWdnjHwyiumousxfBm4SO31eXqwEZhQ==}
    cpu: [x64]
    os: [win32]

  '@parcel/cache@2.15.2':
    resolution: {integrity: sha512-xYVNKWUHT5hCxo+9nBy9xm7NVfk/jswo+SrU12pXtJm4S5kyK7/PaNkiXxnDu/Hiec2s9BqG/7ny5WBX+i/fAw==}
    engines: {node: '>= 16.0.0'}
    peerDependencies:
      '@parcel/core': ^2.15.2

  '@parcel/codeframe@2.15.2':
    resolution: {integrity: sha512-uzcHUXBXV+vUqXE7SR6Et60GauPGTWvc381pVzCzc90VQJyWY/xyRRIgcA+4MLi2+lQj+w4Uq9H9qg+hMx/JFg==}
    engines: {node: '>= 16.0.0'}

  '@parcel/core@2.15.2':
    resolution: {integrity: sha512-yIFtxeLPLbTkpNuXGmnBX1U51unxv+gRoH/I5IcyD/vRL2Kp/cQU6YJWTSGK5sWG1Fgo+1Z2DeYp914Yd4a1WQ==}
    engines: {node: '>= 16.0.0'}

  '@parcel/diagnostic@2.15.2':
    resolution: {integrity: sha512-lsIF59BgfLzN3SP5VM42pa9lilcotEoF42H2RgnqLe3KACcNcbbtvjyjlvac+iaSRix4gEkuZa6376X6p7DkFQ==}
    engines: {node: '>= 16.0.0'}

  '@parcel/events@2.15.2':
    resolution: {integrity: sha512-CxXVuYz/K3sDIquM+3Pemxhppb8Q/mRayxqxZtXHoKbhiLBeyX+pLz2v9Hr0R7fiN6naV00IG48Zc5aArHXR4w==}
    engines: {node: '>= 16.0.0'}

  '@parcel/feature-flags@2.15.2':
    resolution: {integrity: sha512-6oiuLd3ypk4GY8X9/l/GrngzSddHW8yF8DrYA++TkaPDtTz4llanza/p7RIk/ltdV3hmBxnH4vjWtciJEcbQww==}
    engines: {node: '>= 16.0.0'}

  '@parcel/fs@2.15.2':
    resolution: {integrity: sha512-/Xe+eFbxH43vBCZD+L0nkyIKo8i/nYQpRqzum4YTEoG8WHdcwNl12L9dOcM6EwpaCf6amNVjzBQJMwQ+6E1Y4A==}
    engines: {node: '>= 16.0.0'}
    peerDependencies:
      '@parcel/core': ^2.15.2

  '@parcel/graph@3.5.2':
    resolution: {integrity: sha512-SsKKRPotNALU5R5r5WOsP+6FsuaNkk9L0Bmu1UzeyyrHiQPO1OVBYCsX+NtsGDAdDX7oOkGqgfkavJHrAG/BFA==}
    engines: {node: '>= 16.0.0'}

  '@parcel/logger@2.15.2':
    resolution: {integrity: sha512-naF3dXcvO1lZvtCi6kCTaXhB1cqRwWkRifQRfEei+yp0QZqZF9dmWwZzMOefst/PTl3RaW014vrwFtiegdqsbQ==}
    engines: {node: '>= 16.0.0'}

  '@parcel/markdown-ansi@2.15.2':
    resolution: {integrity: sha512-qioxe3Gw/khhrZXeF3tmJeChoq70prxGqVhJylsnGimxHbxjLo3i8Jo8Thi36GiGcOTYSeyF/2tMo9BW2t2vqA==}
    engines: {node: '>= 16.0.0'}

  '@parcel/node-resolver-core@3.6.2':
    resolution: {integrity: sha512-MOWpFAuKnVMSZSoXZ9OG1Z7BNSW9IVnDA3DM3c8UYrSR8My7Wng0aen0MyjC3s98N1FEwCodESGfu0+7PpZOIA==}
    engines: {node: '>= 16.0.0'}

  '@parcel/package-manager@2.15.2':
    resolution: {integrity: sha512-0n8QupNyXp9CJZV6LohBpAqopLecQrave4kHG/T9CeCeqlJcQnYs+N+zio4mPlv7jXpnJHy+CF96Ce2wy/n1+Q==}
    engines: {node: '>= 16.0.0'}
    peerDependencies:
      '@parcel/core': ^2.15.2

  '@parcel/plugin@2.15.2':
    resolution: {integrity: sha512-5ii1OpD/lGdpvy5AS1jChpCwEZP0eFaucy8szOjmfl4oZIeaHRHbZ5R0/3O1Hy8tY1IJF87HUKd+XV0iyD48zA==}
    engines: {node: '>= 16.0.0'}

  '@parcel/profiler@2.15.2':
    resolution: {integrity: sha512-hLTI6TIRr/tGgjTbsCqW4Avl2x8FMAHLDlDhNYjivX6ccfZmilEJnIcdKr2QtdgcaSulfRLTd5bt6uJWJ2ecKg==}
    engines: {node: '>= 16.0.0'}

  '@parcel/rust-darwin-arm64@2.15.2':
    resolution: {integrity: sha512-IK5mo/7bNym1ODMWD92D2URGcAq2K/9BasRlfjWI/Gh74l3lH4EFadUfgM88L+MVCV3WTg8ht5ZA0Iyp+IQ1JQ==}
    engines: {node: '>= 10'}
    cpu: [arm64]
    os: [darwin]

  '@parcel/rust-darwin-x64@2.15.2':
    resolution: {integrity: sha512-J30ukJXCzXsYNlYvYsaPEAEzfCZGXVIkXtPSVpWPwcaReqFUyT2bm4I8DHoeas0JwMNaeNlJhksaJA/iomqlwA==}
    engines: {node: '>= 10'}
    cpu: [x64]
    os: [darwin]

  '@parcel/rust-linux-arm-gnueabihf@2.15.2':
    resolution: {integrity: sha512-WpPddkviw8IkRRnT/dRyD3Uzvy6Yuoy5vvtDmpnrR2bJnEz5uQI3TlhMtQo7R+j6aIrDsGFJKBeo9Z0ga0ebNQ==}
    engines: {node: '>= 10'}
    cpu: [arm]
    os: [linux]

  '@parcel/rust-linux-arm64-gnu@2.15.2':
    resolution: {integrity: sha512-RzD7Gw0QqyUoWaVrtCU+v5J5pg6bybVNknqlEY4jfcJDgJHsM1V91DwJwxnI4ikG/uMedl0I40dl59x/Vo01Ow==}
    engines: {node: '>= 10'}
    cpu: [arm64]
    os: [linux]

  '@parcel/rust-linux-arm64-musl@2.15.2':
    resolution: {integrity: sha512-mWoL7kCITrEOO0GQ+LqGUylX+6b3nsV60Lzrz2N0Pgzz3EbGS0d4gDKkjxpi6BoR+h4KL7nLhj4hhbm0OHIc4A==}
    engines: {node: '>= 10'}
    cpu: [arm64]
    os: [linux]

  '@parcel/rust-linux-x64-gnu@2.15.2':
    resolution: {integrity: sha512-aI8bKZTEZNYmgURiAfrgpmaoEArnMRvosfsOKnGykTjmHgsBxO/CGguFj5a4wlAZTVWcTGfs4krnUKtF9Hw6Rw==}
    engines: {node: '>= 10'}
    cpu: [x64]
    os: [linux]

  '@parcel/rust-linux-x64-musl@2.15.2':
    resolution: {integrity: sha512-FpQOraPTjGfbHipjdbYpQLlMIRDoVL+Kl9ak+6mt0SbvP3QaXGosQXyhw0ZoNszqVLjIwC0OHEjAHdtcO6ZUvQ==}
    engines: {node: '>= 10'}
    cpu: [x64]
    os: [linux]

  '@parcel/rust-win32-x64-msvc@2.15.2':
    resolution: {integrity: sha512-aSXkPc+KYAT6MnYgw2urXuDvipPkD90uJBKtSn3MY+fGOfzEluK7j0F5NdH88oTzrGVhRQxnxfe3Fc+IRhsaFQ==}
    engines: {node: '>= 10'}
    cpu: [x64]
    os: [win32]

  '@parcel/rust@2.15.2':
    resolution: {integrity: sha512-6ZIVsSnkwxvDDVaxiYK4bWtVaJBYaFQuRvcxfCMQHEzFpWl9mdZVbCs3+g69Ere7a3e2sk87B41d/FIhoaz5xw==}
    engines: {node: '>= 16.0.0'}
    peerDependencies:
      napi-wasm: ^1.1.2
    peerDependenciesMeta:
      napi-wasm:
        optional: true

  '@parcel/source-map@2.1.1':
    resolution: {integrity: sha512-Ejx1P/mj+kMjQb8/y5XxDUn4reGdr+WyKYloBljpppUy8gs42T+BNoEOuRYqDVdgPc6NxduzIDoJS9pOFfV5Ew==}
    engines: {node: ^12.18.3 || >=14}

  '@parcel/types-internal@2.15.2':
    resolution: {integrity: sha512-nmMpYeG4le49nvr8FsJYGEwhCZxcrm89tvkX8xGod1yXcShEZNWVVY9ezZLKxMrVMdBveqNUW8IZCij5iFDqdQ==}

  '@parcel/types@2.15.2':
    resolution: {integrity: sha512-APVvBVVG8RIMLN5hERa2POkPkEtrNUqRbQlKpoNYlIYZaYxKzb9+4MH4cVkmkGfYk3FGU3K5RnxSxMMWsu4tdw==}

  '@parcel/utils@2.15.2':
    resolution: {integrity: sha512-SQ77yZyeLZf5Teq5aMAViuXKoN7JRnYZ7Pdere1FD8ZuS7E34THA4jjJKxKu9Bqtezgm+gpN1gMbSKMBfbmIZA==}
    engines: {node: '>= 16.0.0'}

  '@parcel/watcher-android-arm64@2.5.1':
    resolution: {integrity: sha512-KF8+j9nNbUN8vzOFDpRMsaKBHZ/mcjEjMToVMJOhTozkDonQFFrRcfdLWn6yWKCmJKmdVxSgHiYvTCef4/qcBA==}
    engines: {node: '>= 10.0.0'}
    cpu: [arm64]
    os: [android]

  '@parcel/watcher-darwin-arm64@2.5.1':
    resolution: {integrity: sha512-eAzPv5osDmZyBhou8PoF4i6RQXAfeKL9tjb3QzYuccXFMQU0ruIc/POh30ePnaOyD1UXdlKguHBmsTs53tVoPw==}
    engines: {node: '>= 10.0.0'}
    cpu: [arm64]
    os: [darwin]

  '@parcel/watcher-darwin-x64@2.5.1':
    resolution: {integrity: sha512-1ZXDthrnNmwv10A0/3AJNZ9JGlzrF82i3gNQcWOzd7nJ8aj+ILyW1MTxVk35Db0u91oD5Nlk9MBiujMlwmeXZg==}
    engines: {node: '>= 10.0.0'}
    cpu: [x64]
    os: [darwin]

  '@parcel/watcher-freebsd-x64@2.5.1':
    resolution: {integrity: sha512-SI4eljM7Flp9yPuKi8W0ird8TI/JK6CSxju3NojVI6BjHsTyK7zxA9urjVjEKJ5MBYC+bLmMcbAWlZ+rFkLpJQ==}
    engines: {node: '>= 10.0.0'}
    cpu: [x64]
    os: [freebsd]

  '@parcel/watcher-linux-arm-glibc@2.5.1':
    resolution: {integrity: sha512-RCdZlEyTs8geyBkkcnPWvtXLY44BCeZKmGYRtSgtwwnHR4dxfHRG3gR99XdMEdQ7KeiDdasJwwvNSF5jKtDwdA==}
    engines: {node: '>= 10.0.0'}
    cpu: [arm]
    os: [linux]

  '@parcel/watcher-linux-arm-musl@2.5.1':
    resolution: {integrity: sha512-6E+m/Mm1t1yhB8X412stiKFG3XykmgdIOqhjWj+VL8oHkKABfu/gjFj8DvLrYVHSBNC+/u5PeNrujiSQ1zwd1Q==}
    engines: {node: '>= 10.0.0'}
    cpu: [arm]
    os: [linux]

  '@parcel/watcher-linux-arm64-glibc@2.5.1':
    resolution: {integrity: sha512-LrGp+f02yU3BN9A+DGuY3v3bmnFUggAITBGriZHUREfNEzZh/GO06FF5u2kx8x+GBEUYfyTGamol4j3m9ANe8w==}
    engines: {node: '>= 10.0.0'}
    cpu: [arm64]
    os: [linux]

  '@parcel/watcher-linux-arm64-musl@2.5.1':
    resolution: {integrity: sha512-cFOjABi92pMYRXS7AcQv9/M1YuKRw8SZniCDw0ssQb/noPkRzA+HBDkwmyOJYp5wXcsTrhxO0zq1U11cK9jsFg==}
    engines: {node: '>= 10.0.0'}
    cpu: [arm64]
    os: [linux]

  '@parcel/watcher-linux-x64-glibc@2.5.1':
    resolution: {integrity: sha512-GcESn8NZySmfwlTsIur+49yDqSny2IhPeZfXunQi48DMugKeZ7uy1FX83pO0X22sHntJ4Ub+9k34XQCX+oHt2A==}
    engines: {node: '>= 10.0.0'}
    cpu: [x64]
    os: [linux]

  '@parcel/watcher-linux-x64-musl@2.5.1':
    resolution: {integrity: sha512-n0E2EQbatQ3bXhcH2D1XIAANAcTZkQICBPVaxMeaCVBtOpBZpWJuf7LwyWPSBDITb7In8mqQgJ7gH8CILCURXg==}
    engines: {node: '>= 10.0.0'}
    cpu: [x64]
    os: [linux]

  '@parcel/watcher-win32-arm64@2.5.1':
    resolution: {integrity: sha512-RFzklRvmc3PkjKjry3hLF9wD7ppR4AKcWNzH7kXR7GUe0Igb3Nz8fyPwtZCSquGrhU5HhUNDr/mKBqj7tqA2Vw==}
    engines: {node: '>= 10.0.0'}
    cpu: [arm64]
    os: [win32]

  '@parcel/watcher-win32-ia32@2.5.1':
    resolution: {integrity: sha512-c2KkcVN+NJmuA7CGlaGD1qJh1cLfDnQsHjE89E60vUEMlqduHGCdCLJCID5geFVM0dOtA3ZiIO8BoEQmzQVfpQ==}
    engines: {node: '>= 10.0.0'}
    cpu: [ia32]
    os: [win32]

  '@parcel/watcher-win32-x64@2.5.1':
    resolution: {integrity: sha512-9lHBdJITeNR++EvSQVUcaZoWupyHfXe1jZvGZ06O/5MflPcuPLtEphScIBL+AiCWBO46tDSHzWyD0uDmmZqsgA==}
    engines: {node: '>= 10.0.0'}
    cpu: [x64]
    os: [win32]

  '@parcel/watcher@2.5.1':
    resolution: {integrity: sha512-dfUnCxiN9H4ap84DvD2ubjw+3vUNpstxa0TneY/Paat8a3R4uQZDLSvWjmznAY/DoahqTHl9V46HF/Zs3F29pg==}
    engines: {node: '>= 10.0.0'}

  '@parcel/workers@2.15.2':
    resolution: {integrity: sha512-uQWM3Zzkk+vzFYrLQvU/oeM1LC6/EDPvpdgtvdwkUqYC6O1Oei+9cWz6Uv5UDCwizeJKt+3PyE2rB9idbEkmsQ==}
    engines: {node: '>= 16.0.0'}
    peerDependencies:
      '@parcel/core': ^2.15.2

  '@prefresh/babel-plugin@0.5.1':
    resolution: {integrity: sha512-uG3jGEAysxWoyG3XkYfjYHgaySFrSsaEb4GagLzYaxlydbuREtaX+FTxuIidp241RaLl85XoHg9Ej6E4+V1pcg==}

  '@prefresh/core@1.5.3':
    resolution: {integrity: sha512-nDzxj0tA1/M6APNAWqaxkZ+3sTdPHESa+gol4+Bw7rMc2btWdkLoNH7j9rGhUb8SThC0Vz0VoXtq+U+9azGLHg==}
    peerDependencies:
      preact: ^10.0.0

  '@prefresh/utils@1.2.0':
    resolution: {integrity: sha512-KtC/fZw+oqtwOLUFM9UtiitB0JsVX0zLKNyRTA332sqREqSALIIQQxdUCS1P3xR/jT1e2e8/5rwH6gdcMLEmsQ==}

  '@swc/core-darwin-arm64@1.11.31':
    resolution: {integrity: sha512-NTEaYOts0OGSbJZc0O74xsji+64JrF1stmBii6D5EevWEtrY4wlZhm8SiP/qPrOB+HqtAihxWIukWkP2aSdGSQ==}
    engines: {node: '>=10'}
    cpu: [arm64]
    os: [darwin]

  '@swc/core-darwin-x64@1.11.31':
    resolution: {integrity: sha512-THSGaSwT96JwXDwuXQ6yFBbn+xDMdyw7OmBpnweAWsh5DhZmQkALEm1DgdQO3+rrE99MkmzwAfclc0UmYro/OA==}
    engines: {node: '>=10'}
    cpu: [x64]
    os: [darwin]

  '@swc/core-linux-arm-gnueabihf@1.11.31':
    resolution: {integrity: sha512-laKtQFnW7KHgE57Hx32os2SNAogcuIDxYE+3DYIOmDMqD7/1DCfJe6Rln2N9WcOw6HuDbDpyQavIwZNfSAa8vQ==}
    engines: {node: '>=10'}
    cpu: [arm]
    os: [linux]

  '@swc/core-linux-arm64-gnu@1.11.31':
    resolution: {integrity: sha512-T+vGw9aPE1YVyRxRr1n7NAdkbgzBzrXCCJ95xAZc/0+WUwmL77Z+js0J5v1KKTRxw4FvrslNCOXzMWrSLdwPSA==}
    engines: {node: '>=10'}
    cpu: [arm64]
    os: [linux]

  '@swc/core-linux-arm64-musl@1.11.31':
    resolution: {integrity: sha512-Mztp5NZkyd5MrOAG+kl+QSn0lL4Uawd4CK4J7wm97Hs44N9DHGIG5nOz7Qve1KZo407Y25lTxi/PqzPKHo61zQ==}
    engines: {node: '>=10'}
    cpu: [arm64]
    os: [linux]

  '@swc/core-linux-x64-gnu@1.11.31':
    resolution: {integrity: sha512-DDVE0LZcXOWwOqFU1Xi7gdtiUg3FHA0vbGb3trjWCuI1ZtDZHEQYL4M3/2FjqKZtIwASrDvO96w91okZbXhvMg==}
    engines: {node: '>=10'}
    cpu: [x64]
    os: [linux]

  '@swc/core-linux-x64-musl@1.11.31':
    resolution: {integrity: sha512-mJA1MzPPRIfaBUHZi0xJQ4vwL09MNWDeFtxXb0r4Yzpf0v5Lue9ymumcBPmw/h6TKWms+Non4+TDquAsweuKSw==}
    engines: {node: '>=10'}
    cpu: [x64]
    os: [linux]

  '@swc/core-win32-arm64-msvc@1.11.31':
    resolution: {integrity: sha512-RdtakUkNVAb/FFIMw3LnfNdlH1/ep6KgiPDRlmyUfd0WdIQ3OACmeBegEFNFTzi7gEuzy2Yxg4LWf4IUVk8/bg==}
    engines: {node: '>=10'}
    cpu: [arm64]
    os: [win32]

  '@swc/core-win32-ia32-msvc@1.11.31':
    resolution: {integrity: sha512-hErXdCGsg7swWdG1fossuL8542I59xV+all751mYlBoZ8kOghLSKObGQTkBbuNvc0sUKWfWg1X0iBuIhAYar+w==}
    engines: {node: '>=10'}
    cpu: [ia32]
    os: [win32]

  '@swc/core-win32-x64-msvc@1.11.31':
    resolution: {integrity: sha512-5t7SGjUBMMhF9b5j17ml/f/498kiBJNf4vZFNM421UGUEETdtjPN9jZIuQrowBkoFGJTCVL/ECM4YRtTH30u/A==}
    engines: {node: '>=10'}
    cpu: [x64]
    os: [win32]

  '@swc/core@1.11.31':
    resolution: {integrity: sha512-mAby9aUnKRjMEA7v8cVZS9Ah4duoRBnX7X6r5qrhTxErx+68MoY1TPrVwj/66/SWN3Bl+jijqAqoB8Qx0QE34A==}
    engines: {node: '>=10'}
    peerDependencies:
      '@swc/helpers': '>=0.5.17'
    peerDependenciesMeta:
      '@swc/helpers':
        optional: true

  '@swc/counter@0.1.3':
    resolution: {integrity: sha512-e2BR4lsJkkRlKZ/qCHPw9ZaSxc0MVUd7gtbtaB7aMvHeJVYe8sOB8DBZkP2DtISHGSku9sCK6T6cnY0CtXrOCQ==}

  '@swc/types@0.1.22':
    resolution: {integrity: sha512-D13mY/ZA4PPEFSy6acki9eBT/3WgjMoRqNcdpIvjaYLQ44Xk5BdaL7UkDxAh6Z9UOe7tCCp67BVmZCojYp9owg==}

  ansi-styles@4.3.0:
    resolution: {integrity: sha512-zbB9rCJAT1rbjiVDb2hqKFHNYLxgtk8NURxZ3IZwD3F6NtxbXZQCnnSi1Lkx+IDohdPlFp222wVALIheZJQSEg==}
    engines: {node: '>=8'}

  base-x@3.0.11:
    resolution: {integrity: sha512-xz7wQ8xDhdyP7tQxwdteLYeFfS68tSMNCZ/Y37WJ4bhGfKPpqEIlmIyueQHqOyoPhE6xNUqjzRr8ra0eF9VRvA==}

  braces@3.0.3:
    resolution: {integrity: sha512-yQbXgO/OSZVD2IsiLlro+7Hf6Q18EJrKSEsdoMzKePKXct3gvD8oLcOQdIzGupr5Fj+EDe8gO/lxc1BzfMpxvA==}
    engines: {node: '>=8'}

  browserslist@4.25.0:
    resolution: {integrity: sha512-PJ8gYKeS5e/whHBh8xrwYK+dAvEj7JXtz6uTucnMRB8OiGTsKccFekoRrjajPBHV8oOY+2tI4uxeceSimKwMFA==}
    engines: {node: ^6 || ^7 || ^8 || ^9 || ^10 || ^11 || ^12 || >=13.7}
    hasBin: true

  caniuse-lite@1.0.30001721:
    resolution: {integrity: sha512-cOuvmUVtKrtEaoKiO0rSc29jcjwMwX5tOHDy4MgVFEWiUXj4uBMJkwI8MDySkgXidpMiHUcviogAvFi4pA2hDQ==}

  chalk@4.1.2:
    resolution: {integrity: sha512-oKnbhFyRIXpUuez8iBMmyEa4nbj4IOQyuhc/wy9kY7/WVPcwIO9VA668Pu8RkO7+0G76SLROeyw9CpQ061i4mA==}
    engines: {node: '>=10'}

  chrome-trace-event@1.0.4:
    resolution: {integrity: sha512-rNjApaLzuwaOTjCiT8lSDdGN1APCiqkChLMJxJPWLunPAt5fy8xgU9/jNOchV84wfIxrA0lRQB7oCT8jrn/wrQ==}
    engines: {node: '>=6.0'}

  clone@2.1.2:
    resolution: {integrity: sha512-3Pe/CF1Nn94hyhIYpjtiLhdCoEoz0DqQ+988E9gmeEdQZlojxnOb74wctFyuwWQHzqyf9X7C7MG8juUpqBJT8w==}
    engines: {node: '>=0.8'}

  color-convert@2.0.1:
    resolution: {integrity: sha512-RRECPsj7iu/xb5oKYcsFHSppFNnsj/52OVTRKb4zP5onXwVF3zVmmToNcOfGC+CRDpfK/U584fMg38ZHCaElKQ==}
    engines: {node: '>=7.0.0'}

  color-name@1.1.4:
    resolution: {integrity: sha512-dOy+3AuW3a2wNbZHIuMZpTcgjGuLU/uBL/ubcZF9OXbDo8ff4O8yVp5Bf0efS8uEoYo5q4Fx7dY9OgQGXgAsQA==}

  convert-source-map@2.0.0:
    resolution: {integrity: sha512-Kvp459HrV2FEJ1CAsi1Ku+MY3kasH19TFykTz2xWmMeq6bk2NU3XXvfJ+Q61m0xktWwt+1HSYf3JZsTms3aRJg==}

  debug@4.4.1:
    resolution: {integrity: sha512-KcKCqiftBJcZr++7ykoDIEwSa3XWowTfNPo92BYxjXiyYEVrUQh2aLyhxBCwww+heortUFxEJYcRzosstTEBYQ==}
    engines: {node: '>=6.0'}
    peerDependencies:
      supports-color: '*'
    peerDependenciesMeta:
      supports-color:
        optional: true

  detect-libc@1.0.3:
    resolution: {integrity: sha512-pGjwhsmsp4kL2RTz08wcOlGN83otlqHeD/Z5T8GXZB+/YcpQ/dgo+lbU8ZsGxV0HIvqqxo9l7mqYwyYMD9bKDg==}
    engines: {node: '>=0.10'}
    hasBin: true

  detect-libc@2.0.4:
    resolution: {integrity: sha512-3UDv+G9CsCKO1WKMGw9fwq/SWJYbI0c5Y7LU1AXYoDdbhE2AHQ6N6Nb34sG8Fj7T5APy8qXDCKuuIHd1BR0tVA==}
    engines: {node: '>=8'}

  dotenv-expand@11.0.7:
    resolution: {integrity: sha512-zIHwmZPRshsCdpMDyVsqGmgyP0yT8GAgXUnkdAoJisxvf33k7yO6OuoKmcTGuXPWSsm8Oh88nZicRLA9Y0rUeA==}
    engines: {node: '>=12'}

  dotenv@16.5.0:
    resolution: {integrity: sha512-m/C+AwOAr9/W1UOIZUo232ejMNnJAJtYQjUbHoNTBNTJSvqzzDh7vnrei3o3r3m9blf6ZoDkvcw0VmozNRFJxg==}
    engines: {node: '>=12'}

  electron-to-chromium@1.5.165:
    resolution: {integrity: sha512-naiMx1Z6Nb2TxPU6fiFrUrDTjyPMLdTtaOd2oLmG8zVSg2hCWGkhPyxwk+qRmZ1ytwVqUv0u7ZcDA5+ALhaUtw==}

  escalade@3.2.0:
    resolution: {integrity: sha512-WUj2qlxaQtO4g6Pq5c29GTcWGDyd8itL8zTlipgECz3JesAiiOKotd8JU6otB3PACgG6xkJUyVhboMS+bje/jA==}
    engines: {node: '>=6'}

  fill-range@7.1.1:
    resolution: {integrity: sha512-YsGpe3WHLK8ZYi4tWDg2Jy3ebRz2rXowDxnld4bkQB00cc/1Zw9AWnC0i9ztDJitivtQvaI9KaLyKrc+hBW0yg==}
    engines: {node: '>=8'}

  gensync@1.0.0-beta.2:
    resolution: {integrity: sha512-3hN7NaskYvMDLQY55gnW3NQ+mesEAepTqlg+VEbj7zzqEMBVNhzcGYYeqFo/TlYz6eQiFcp1HcsCZO+nGgS8zg==}
    engines: {node: '>=6.9.0'}

  globals@11.12.0:
    resolution: {integrity: sha512-WOBp/EEGUiIsJSp7wcv/y6MO+lV9UoncWqxuFfm8eBwzWNgyfBd6Gz+IeKQ9jCmyhoH99g15M3T+QaVHFjizVA==}
    engines: {node: '>=4'}

  has-flag@4.0.0:
    resolution: {integrity: sha512-EykJT/Q1KjTWctppgIAgfSO0tKVuZUjhgMr17kqTumMl6Afv3EISleU7qZUzoXDFTAHTDC4NOoG/ZxU3EvlMPQ==}
    engines: {node: '>=8'}

  is-extglob@2.1.1:
    resolution: {integrity: sha512-SbKbANkN603Vi4jEZv49LeVJMn4yGwsbzZworEoyEiutsN3nJYdbO36zfhGJ6QEDpOZIFkDtnq5JRxmvl3jsoQ==}
    engines: {node: '>=0.10.0'}

  is-glob@4.0.3:
    resolution: {integrity: sha512-xelSayHH36ZgE7ZWhli7pW34hNbNl8Ojv5KVmkJD4hBdD3th8Tfk9vYasLM+mXWOZhFkgZfxhLSnrwRr4elSSg==}
    engines: {node: '>=0.10.0'}

  is-number@7.0.0:
    resolution: {integrity: sha512-41Cifkg6e8TylSpdtTpeLVMqvSBEVzTttHvERD741+pnZ8ANv0004MRL43QKPDlK9cGvNp6NZWZUBlbGXYxxng==}
    engines: {node: '>=0.12.0'}

  js-tokens@4.0.0:
    resolution: {integrity: sha512-RdJUflcE3cUzKiMqQgsCu06FPu9UdIJO0beYbPhHN4k6apgJtifcoCtT9bcxOpYBtpD2kCM6Sbzg4CausW/PKQ==}

  jsesc@3.1.0:
    resolution: {integrity: sha512-/sM3dO2FOzXjKQhJuo0Q173wf2KOo8t4I8vHy6lF9poUp7bKT0/NHE8fPX23PwfhnykfqnC2xRxOnVw5XuGIaA==}
    engines: {node: '>=6'}
    hasBin: true

  json5@2.2.3:
    resolution: {integrity: sha512-XmOWe7eyHYH14cLdVPoyg+GOH3rYX++KpzrylJwSW98t3Nk+U8XOl8FWKOgwtzdb8lXGf6zYwDUzeHMWfxasyg==}
    engines: {node: '>=6'}
    hasBin: true

  lmdb@2.8.5:
    resolution: {integrity: sha512-9bMdFfc80S+vSldBmG3HOuLVHnxRdNTlpzR6QDnzqCQtCzGUEAGTzBKYMeIM+I/sU4oZfgbcbS7X7F65/z/oxQ==}
    hasBin: true

  lru-cache@5.1.1:
    resolution: {integrity: sha512-KpNARQA3Iwv+jTA0utUVVbrh+Jlrr1Fv0e56GGzAFOXN7dk/FviaDW8LHmK52DlcH4WP2n6gI8vN1aesBFgo9w==}

  micromatch@4.0.8:
    resolution: {integrity: sha512-PXwfBhYu0hBCPw8Dn0E+WDYb7af3dSLVWKi3HGv84IdF4TyFoC0ysxFd0Goxw7nSv4T/PzEJQxsYsEiFCKo2BA==}
    engines: {node: '>=8.6'}

  ms@2.1.3:
    resolution: {integrity: sha512-6FlzubTLZG3J2a/NVCAleEhjzq5oxgHyaCU9yYXvcLsvoVaHJq/s5xXI6/XXP6tz7R9xAOtHnSO/tXtF3WRTlA==}

  msgpackr-extract@3.0.3:
    resolution: {integrity: sha512-P0efT1C9jIdVRefqjzOQ9Xml57zpOXnIuS+csaB4MdZbTdmGDLo8XhzBG1N7aO11gKDDkJvBLULeFTo46wwreA==}
    hasBin: true

  msgpackr@1.11.4:
    resolution: {integrity: sha512-uaff7RG9VIC4jacFW9xzL3jc0iM32DNHe4jYVycBcjUePT/Klnfj7pqtWJt9khvDFizmjN2TlYniYmSS2LIaZg==}

  node-addon-api@6.1.0:
    resolution: {integrity: sha512-+eawOlIgy680F0kBzPUNFhMZGtJ1YmqM6l4+Crf4IkImjYrO/mqPwRMh352g23uIaQKFItcQ64I7KMaJxHgAVA==}

  node-addon-api@7.1.1:
    resolution: {integrity: sha512-5m3bsyrjFWE1xf7nz7YXdN4udnVtXK6/Yfgn5qnahL6bCkf2yKt4k3nuTKAtT4r3IG8JNR2ncsIMdZuAzJjHQQ==}

  node-gyp-build-optional-packages@5.1.1:
    resolution: {integrity: sha512-+P72GAjVAbTxjjwUmwjVrqrdZROD4nf8KgpBoDxqXXTiYZZt/ud60dE5yvCSr9lRO8e8yv6kgJIC0K0PfZFVQw==}
    hasBin: true

  node-gyp-build-optional-packages@5.2.2:
    resolution: {integrity: sha512-s+w+rBWnpTMwSFbaE0UXsRlg7hU4FjekKU4eyAih5T8nJuNZT1nNsskXpxmeqSK9UzkBl6UgRlnKc8hz8IEqOw==}
    hasBin: true

  node-releases@2.0.19:
    resolution: {integrity: sha512-xxOWJsBKtzAq7DY0J+DTzuz58K8e7sJbdgwkbMWQe8UYB6ekmsQ45q0M/tJDsGaZmbC+l7n57UV8Hl5tHxO9uw==}

  nullthrows@1.1.1:
    resolution: {integrity: sha512-2vPPEi+Z7WqML2jZYddDIfy5Dqb0r2fze2zTxNNknZaFpVHU3mFB3R+DWeJWGVx0ecvttSGlJTI+WG+8Z4cDWw==}

  ordered-binary@1.5.3:
    resolution: {integrity: sha512-oGFr3T+pYdTGJ+YFEILMpS3es+GiIbs9h/XQrclBXUtd44ey7XwfsMzM31f64I1SQOawDoDr/D823kNCADI8TA==}

  picocolors@1.1.1:
    resolution: {integrity: sha512-xceH2snhtb5M9liqDsmEw56le376mTZkEX/jEb/RxNFyegNul7eNslCXP9FDj/Lcu0X8KEyMceP2ntpaHrDEVA==}

  picomatch@2.3.1:
    resolution: {integrity: sha512-JU3teHTNjmE2VCGFzuY8EXzCDVwEqB2a8fsIvwaStHhAWJEeVd1o1QD80CU6+ZdEXXSLbSsuLwJjkCBWqRQUVA==}
    engines: {node: '>=8.6'}

  preact@10.26.8:
    resolution: {integrity: sha512-1nMfdFjucm5hKvq0IClqZwK4FJkGXhRrQstOQ3P4vp8HxKrJEMFcY6RdBRVTdfQS/UlnX6gfbPuTvaqx/bDoeQ==}

  safe-buffer@5.2.1:
    resolution: {integrity: sha512-rp3So07KcdmmKbGvgaNxQSJr7bGVSVk5S9Eq1F+ppbRo70+YeaDxkw5Dd8NPN+GD6bjnYm2VuPuCXmpuYvmCXQ==}

  semver@6.3.1:
    resolution: {integrity: sha512-BR7VvDCVHO+q2xBEWskxS6DJE1qRnb7DxzUrogb71CWoSficBxYsiAGd+Kl0mmq/MprG9yArRkyrQxTO6XjMzA==}
    hasBin: true

  semver@7.7.2:
    resolution: {integrity: sha512-RF0Fw+rO5AMf9MAyaRXI4AV0Ulj5lMHqVxxdSgiVbixSCXoEmmX/jk0CuJw4+3SqroYO9VoUh+HcuJivvtJemA==}
    engines: {node: '>=10'}
    hasBin: true

  supports-color@7.2.0:
    resolution: {integrity: sha512-qpCAvRl9stuOHveKsn7HncJRvv501qIacKzQlO/+Lwxc9+0q2wLyv4Dfvt80/DPn2pqOBsJdDiogXGR9+OvwRw==}
    engines: {node: '>=8'}

  to-regex-range@5.0.1:
    resolution: {integrity: sha512-65P7iz6X5yEr1cwcgvQxbbIw7Uk3gOy5dIdtZ4rDveLqhrdJP+Li/Hx6tyK0NEb+2GCyneCMJiGqrADCSNk8sQ==}
    engines: {node: '>=8.0'}

  update-browserslist-db@1.1.3:
    resolution: {integrity: sha512-UxhIZQ+QInVdunkDAaiazvvT/+fXL5Osr0JZlJulepYu6Jd7qJtDZjlur0emRlT71EN3ScPoE7gvsuIKKNavKw==}
    hasBin: true
    peerDependencies:
      browserslist: '>= 4.21.0'

  utility-types@3.11.0:
    resolution: {integrity: sha512-6Z7Ma2aVEWisaL6TvBCy7P8rm2LQoPv6dJ7ecIaIixHcwfbJ0x7mWdbcwlIM5IGQxPZSFYeqRCqlOOeKoJYMkw==}
    engines: {node: '>= 4'}

  weak-lru-cache@1.2.2:
    resolution: {integrity: sha512-DEAoo25RfSYMuTGc9vPJzZcZullwIqRDSI9LOy+fkCJPi6hykCnfKaXTuPBDuXAUcqHXyOgFtHNp/kB2FjYHbw==}

  yallist@3.1.1:
    resolution: {integrity: sha512-a4UGQaWPH59mOXUYnAG2ewncQS4i4F43Tv3JoAM+s2VDAmS9NsK8GpDMLrCHPksFT7h3K6TOoUNn2pb7RoXx4g==}

snapshots:

  '@ampproject/remapping@2.3.0':
    dependencies:
      '@jridgewell/gen-mapping': 0.3.8
      '@jridgewell/trace-mapping': 0.3.25

  '@babel/code-frame@7.27.1':
    dependencies:
      '@babel/helper-validator-identifier': 7.27.1
      js-tokens: 4.0.0
      picocolors: 1.1.1

  '@babel/compat-data@7.27.5': {}

  '@babel/core@7.27.4':
    dependencies:
      '@ampproject/remapping': 2.3.0
      '@babel/code-frame': 7.27.1
      '@babel/generator': 7.27.5
      '@babel/helper-compilation-targets': 7.27.2
      '@babel/helper-module-transforms': 7.27.3(@babel/core@7.27.4)
      '@babel/helpers': 7.27.6
      '@babel/parser': 7.27.5
      '@babel/template': 7.27.2
      '@babel/traverse': 7.27.4
      '@babel/types': 7.27.6
      convert-source-map: 2.0.0
      debug: 4.4.1
      gensync: 1.0.0-beta.2
      json5: 2.2.3
      semver: 6.3.1
    transitivePeerDependencies:
      - supports-color

  '@babel/generator@7.27.5':
    dependencies:
      '@babel/parser': 7.27.5
      '@babel/types': 7.27.6
      '@jridgewell/gen-mapping': 0.3.8
      '@jridgewell/trace-mapping': 0.3.25
      jsesc: 3.1.0

  '@babel/helper-compilation-targets@7.27.2':
    dependencies:
      '@babel/compat-data': 7.27.5
      '@babel/helper-validator-option': 7.27.1
      browserslist: 4.25.0
      lru-cache: 5.1.1
      semver: 6.3.1

  '@babel/helper-module-imports@7.27.1':
    dependencies:
      '@babel/traverse': 7.27.4
      '@babel/types': 7.27.6
    transitivePeerDependencies:
      - supports-color

  '@babel/helper-module-transforms@7.27.3(@babel/core@7.27.4)':
    dependencies:
      '@babel/core': 7.27.4
      '@babel/helper-module-imports': 7.27.1
      '@babel/helper-validator-identifier': 7.27.1
      '@babel/traverse': 7.27.4
    transitivePeerDependencies:
      - supports-color

  '@babel/helper-string-parser@7.27.1': {}

  '@babel/helper-validator-identifier@7.27.1': {}

  '@babel/helper-validator-option@7.27.1': {}

  '@babel/helpers@7.27.6':
    dependencies:
      '@babel/template': 7.27.2
      '@babel/types': 7.27.6

  '@babel/parser@7.27.5':
    dependencies:
      '@babel/types': 7.27.6

  '@babel/template@7.27.2':
    dependencies:
      '@babel/code-frame': 7.27.1
      '@babel/parser': 7.27.5
      '@babel/types': 7.27.6

  '@babel/traverse@7.27.4':
    dependencies:
      '@babel/code-frame': 7.27.1
      '@babel/generator': 7.27.5
      '@babel/parser': 7.27.5
      '@babel/template': 7.27.2
      '@babel/types': 7.27.6
      debug: 4.4.1
      globals: 11.12.0
    transitivePeerDependencies:
      - supports-color

  '@babel/types@7.27.6':
    dependencies:
      '@babel/helper-string-parser': 7.27.1
      '@babel/helper-validator-identifier': 7.27.1

  '@jridgewell/gen-mapping@0.3.8':
    dependencies:
      '@jridgewell/set-array': 1.2.1
      '@jridgewell/sourcemap-codec': 1.5.0
      '@jridgewell/trace-mapping': 0.3.25

  '@jridgewell/resolve-uri@3.1.2': {}

  '@jridgewell/set-array@1.2.1': {}

  '@jridgewell/sourcemap-codec@1.5.0': {}

  '@jridgewell/trace-mapping@0.3.25':
    dependencies:
      '@jridgewell/resolve-uri': 3.1.2
      '@jridgewell/sourcemap-codec': 1.5.0

  '@lezer/common@1.2.3': {}

  '@lezer/lr@1.4.2':
    dependencies:
      '@lezer/common': 1.2.3

  '@lmdb/lmdb-darwin-arm64@2.8.5':
    optional: true

  '@lmdb/lmdb-darwin-x64@2.8.5':
    optional: true

  '@lmdb/lmdb-linux-arm64@2.8.5':
    optional: true

  '@lmdb/lmdb-linux-arm@2.8.5':
    optional: true

  '@lmdb/lmdb-linux-x64@2.8.5':
    optional: true

  '@lmdb/lmdb-win32-x64@2.8.5':
    optional: true

  '@mischnic/json-sourcemap@0.1.1':
    dependencies:
      '@lezer/common': 1.2.3
      '@lezer/lr': 1.4.2
      json5: 2.2.3

  '@msgpackr-extract/msgpackr-extract-darwin-arm64@3.0.3':
    optional: true

  '@msgpackr-extract/msgpackr-extract-darwin-x64@3.0.3':
    optional: true

  '@msgpackr-extract/msgpackr-extract-linux-arm64@3.0.3':
    optional: true

  '@msgpackr-extract/msgpackr-extract-linux-arm@3.0.3':
    optional: true

  '@msgpackr-extract/msgpackr-extract-linux-x64@3.0.3':
    optional: true

  '@msgpackr-extract/msgpackr-extract-win32-x64@3.0.3':
    optional: true

  '@parcel/cache@2.15.2(@parcel/core@2.15.2)':
    dependencies:
      '@parcel/core': 2.15.2
      '@parcel/fs': 2.15.2(@parcel/core@2.15.2)
      '@parcel/logger': 2.15.2
      '@parcel/utils': 2.15.2
      lmdb: 2.8.5
    transitivePeerDependencies:
      - napi-wasm

  '@parcel/codeframe@2.15.2':
    dependencies:
      chalk: 4.1.2

  '@parcel/core@2.15.2':
    dependencies:
      '@mischnic/json-sourcemap': 0.1.1
      '@parcel/cache': 2.15.2(@parcel/core@2.15.2)
      '@parcel/diagnostic': 2.15.2
      '@parcel/events': 2.15.2
      '@parcel/feature-flags': 2.15.2
      '@parcel/fs': 2.15.2(@parcel/core@2.15.2)
      '@parcel/graph': 3.5.2
      '@parcel/logger': 2.15.2
      '@parcel/package-manager': 2.15.2(@parcel/core@2.15.2)
      '@parcel/plugin': 2.15.2(@parcel/core@2.15.2)
      '@parcel/profiler': 2.15.2
      '@parcel/rust': 2.15.2
      '@parcel/source-map': 2.1.1
      '@parcel/types': 2.15.2(@parcel/core@2.15.2)
      '@parcel/utils': 2.15.2
      '@parcel/workers': 2.15.2(@parcel/core@2.15.2)
      base-x: 3.0.11
      browserslist: 4.25.0
      clone: 2.1.2
      dotenv: 16.5.0
      dotenv-expand: 11.0.7
      json5: 2.2.3
      msgpackr: 1.11.4
      nullthrows: 1.1.1
      semver: 7.7.2
    transitivePeerDependencies:
      - '@swc/helpers'
      - napi-wasm

  '@parcel/diagnostic@2.15.2':
    dependencies:
      '@mischnic/json-sourcemap': 0.1.1
      nullthrows: 1.1.1

  '@parcel/events@2.15.2': {}

  '@parcel/feature-flags@2.15.2': {}

  '@parcel/fs@2.15.2(@parcel/core@2.15.2)':
    dependencies:
      '@parcel/core': 2.15.2
      '@parcel/feature-flags': 2.15.2
      '@parcel/rust': 2.15.2
      '@parcel/types-internal': 2.15.2
      '@parcel/utils': 2.15.2
      '@parcel/watcher': 2.5.1
      '@parcel/workers': 2.15.2(@parcel/core@2.15.2)
    transitivePeerDependencies:
      - napi-wasm

  '@parcel/graph@3.5.2':
    dependencies:
      '@parcel/feature-flags': 2.15.2
      nullthrows: 1.1.1

  '@parcel/logger@2.15.2':
    dependencies:
      '@parcel/diagnostic': 2.15.2
      '@parcel/events': 2.15.2

  '@parcel/markdown-ansi@2.15.2':
    dependencies:
      chalk: 4.1.2

  '@parcel/node-resolver-core@3.6.2(@parcel/core@2.15.2)':
    dependencies:
      '@mischnic/json-sourcemap': 0.1.1
      '@parcel/diagnostic': 2.15.2
      '@parcel/fs': 2.15.2(@parcel/core@2.15.2)
      '@parcel/rust': 2.15.2
      '@parcel/utils': 2.15.2
      nullthrows: 1.1.1
      semver: 7.7.2
    transitivePeerDependencies:
      - '@parcel/core'
      - napi-wasm

  '@parcel/package-manager@2.15.2(@parcel/core@2.15.2)':
    dependencies:
      '@parcel/core': 2.15.2
      '@parcel/diagnostic': 2.15.2
      '@parcel/fs': 2.15.2(@parcel/core@2.15.2)
      '@parcel/logger': 2.15.2
      '@parcel/node-resolver-core': 3.6.2(@parcel/core@2.15.2)
      '@parcel/types': 2.15.2(@parcel/core@2.15.2)
      '@parcel/utils': 2.15.2
      '@parcel/workers': 2.15.2(@parcel/core@2.15.2)
      '@swc/core': 1.11.31
      semver: 7.7.2
    transitivePeerDependencies:
      - '@swc/helpers'
      - napi-wasm

  '@parcel/plugin@2.15.2(@parcel/core@2.15.2)':
    dependencies:
      '@parcel/types': 2.15.2(@parcel/core@2.15.2)
    transitivePeerDependencies:
      - '@parcel/core'
      - napi-wasm

  '@parcel/profiler@2.15.2':
    dependencies:
      '@parcel/diagnostic': 2.15.2
      '@parcel/events': 2.15.2
      '@parcel/types-internal': 2.15.2
      chrome-trace-event: 1.0.4

  '@parcel/rust-darwin-arm64@2.15.2':
    optional: true

  '@parcel/rust-darwin-x64@2.15.2':
    optional: true

  '@parcel/rust-linux-arm-gnueabihf@2.15.2':
    optional: true

  '@parcel/rust-linux-arm64-gnu@2.15.2':
    optional: true

  '@parcel/rust-linux-arm64-musl@2.15.2':
    optional: true

  '@parcel/rust-linux-x64-gnu@2.15.2':
    optional: true

  '@parcel/rust-linux-x64-musl@2.15.2':
    optional: true

  '@parcel/rust-win32-x64-msvc@2.15.2':
    optional: true

  '@parcel/rust@2.15.2':
    optionalDependencies:
      '@parcel/rust-darwin-arm64': 2.15.2
      '@parcel/rust-darwin-x64': 2.15.2
      '@parcel/rust-linux-arm-gnueabihf': 2.15.2
      '@parcel/rust-linux-arm64-gnu': 2.15.2
      '@parcel/rust-linux-arm64-musl': 2.15.2
      '@parcel/rust-linux-x64-gnu': 2.15.2
      '@parcel/rust-linux-x64-musl': 2.15.2
      '@parcel/rust-win32-x64-msvc': 2.15.2

  '@parcel/source-map@2.1.1':
    dependencies:
      detect-libc: 1.0.3

  '@parcel/types-internal@2.15.2':
    dependencies:
      '@parcel/diagnostic': 2.15.2
      '@parcel/feature-flags': 2.15.2
      '@parcel/source-map': 2.1.1
      utility-types: 3.11.0

  '@parcel/types@2.15.2(@parcel/core@2.15.2)':
    dependencies:
      '@parcel/types-internal': 2.15.2
      '@parcel/workers': 2.15.2(@parcel/core@2.15.2)
    transitivePeerDependencies:
      - '@parcel/core'
      - napi-wasm

  '@parcel/utils@2.15.2':
    dependencies:
      '@parcel/codeframe': 2.15.2
      '@parcel/diagnostic': 2.15.2
      '@parcel/logger': 2.15.2
      '@parcel/markdown-ansi': 2.15.2
      '@parcel/rust': 2.15.2
      '@parcel/source-map': 2.1.1
      chalk: 4.1.2
      nullthrows: 1.1.1
    transitivePeerDependencies:
      - napi-wasm

  '@parcel/watcher-android-arm64@2.5.1':
    optional: true

  '@parcel/watcher-darwin-arm64@2.5.1':
    optional: true

  '@parcel/watcher-darwin-x64@2.5.1':
    optional: true

  '@parcel/watcher-freebsd-x64@2.5.1':
    optional: true

  '@parcel/watcher-linux-arm-glibc@2.5.1':
    optional: true

  '@parcel/watcher-linux-arm-musl@2.5.1':
    optional: true

  '@parcel/watcher-linux-arm64-glibc@2.5.1':
    optional: true

  '@parcel/watcher-linux-arm64-musl@2.5.1':
    optional: true

  '@parcel/watcher-linux-x64-glibc@2.5.1':
    optional: true

  '@parcel/watcher-linux-x64-musl@2.5.1':
    optional: true

  '@parcel/watcher-win32-arm64@2.5.1':
    optional: true

  '@parcel/watcher-win32-ia32@2.5.1':
    optional: true

  '@parcel/watcher-win32-x64@2.5.1':
    optional: true

  '@parcel/watcher@2.5.1':
    dependencies:
      detect-libc: 1.0.3
      is-glob: 4.0.3
      micromatch: 4.0.8
      node-addon-api: 7.1.1
    optionalDependencies:
      '@parcel/watcher-android-arm64': 2.5.1
      '@parcel/watcher-darwin-arm64': 2.5.1
      '@parcel/watcher-darwin-x64': 2.5.1
      '@parcel/watcher-freebsd-x64': 2.5.1
      '@parcel/watcher-linux-arm-glibc': 2.5.1
      '@parcel/watcher-linux-arm-musl': 2.5.1
      '@parcel/watcher-linux-arm64-glibc': 2.5.1
      '@parcel/watcher-linux-arm64-musl': 2.5.1
      '@parcel/watcher-linux-x64-glibc': 2.5.1
      '@parcel/watcher-linux-x64-musl': 2.5.1
      '@parcel/watcher-win32-arm64': 2.5.1
      '@parcel/watcher-win32-ia32': 2.5.1
      '@parcel/watcher-win32-x64': 2.5.1

  '@parcel/workers@2.15.2(@parcel/core@2.15.2)':
    dependencies:
      '@parcel/core': 2.15.2
      '@parcel/diagnostic': 2.15.2
      '@parcel/logger': 2.15.2
      '@parcel/profiler': 2.15.2
      '@parcel/types-internal': 2.15.2
      '@parcel/utils': 2.15.2
      nullthrows: 1.1.1
    transitivePeerDependencies:
      - napi-wasm

  '@prefresh/babel-plugin@0.5.1': {}

  '@prefresh/core@1.5.3(preact@10.26.8)':
    dependencies:
      preact: 10.26.8

  '@prefresh/utils@1.2.0': {}

  '@swc/core-darwin-arm64@1.11.31':
    optional: true

  '@swc/core-darwin-x64@1.11.31':
    optional: true

  '@swc/core-linux-arm-gnueabihf@1.11.31':
    optional: true

  '@swc/core-linux-arm64-gnu@1.11.31':
    optional: true

  '@swc/core-linux-arm64-musl@1.11.31':
    optional: true

  '@swc/core-linux-x64-gnu@1.11.31':
    optional: true

  '@swc/core-linux-x64-musl@1.11.31':
    optional: true

  '@swc/core-win32-arm64-msvc@1.11.31':
    optional: true

  '@swc/core-win32-ia32-msvc@1.11.31':
    optional: true

  '@swc/core-win32-x64-msvc@1.11.31':
    optional: true

  '@swc/core@1.11.31':
    dependencies:
      '@swc/counter': 0.1.3
      '@swc/types': 0.1.22
    optionalDependencies:
      '@swc/core-darwin-arm64': 1.11.31
      '@swc/core-darwin-x64': 1.11.31
      '@swc/core-linux-arm-gnueabihf': 1.11.31
      '@swc/core-linux-arm64-gnu': 1.11.31
      '@swc/core-linux-arm64-musl': 1.11.31
      '@swc/core-linux-x64-gnu': 1.11.31
      '@swc/core-linux-x64-musl': 1.11.31
      '@swc/core-win32-arm64-msvc': 1.11.31
      '@swc/core-win32-ia32-msvc': 1.11.31
      '@swc/core-win32-x64-msvc': 1.11.31

  '@swc/counter@0.1.3': {}

  '@swc/types@0.1.22':
    dependencies:
      '@swc/counter': 0.1.3

  ansi-styles@4.3.0:
    dependencies:
      color-convert: 2.0.1

  base-x@3.0.11:
    dependencies:
      safe-buffer: 5.2.1

  braces@3.0.3:
    dependencies:
      fill-range: 7.1.1

  browserslist@4.25.0:
    dependencies:
      caniuse-lite: 1.0.30001721
      electron-to-chromium: 1.5.165
      node-releases: 2.0.19
      update-browserslist-db: 1.1.3(browserslist@4.25.0)

  caniuse-lite@1.0.30001721: {}

  chalk@4.1.2:
    dependencies:
      ansi-styles: 4.3.0
      supports-color: 7.2.0

  chrome-trace-event@1.0.4: {}

  clone@2.1.2: {}

  color-convert@2.0.1:
    dependencies:
      color-name: 1.1.4

  color-name@1.1.4: {}

  convert-source-map@2.0.0: {}

  debug@4.4.1:
    dependencies:
      ms: 2.1.3

  detect-libc@1.0.3: {}

  detect-libc@2.0.4: {}

  dotenv-expand@11.0.7:
    dependencies:
      dotenv: 16.5.0

  dotenv@16.5.0: {}

  electron-to-chromium@1.5.165: {}

  escalade@3.2.0: {}

  fill-range@7.1.1:
    dependencies:
      to-regex-range: 5.0.1

  gensync@1.0.0-beta.2: {}

  globals@11.12.0: {}

  has-flag@4.0.0: {}

  is-extglob@2.1.1: {}

  is-glob@4.0.3:
    dependencies:
      is-extglob: 2.1.1

  is-number@7.0.0: {}

  js-tokens@4.0.0: {}

  jsesc@3.1.0: {}

  json5@2.2.3: {}

  lmdb@2.8.5:
    dependencies:
      msgpackr: 1.11.4
      node-addon-api: 6.1.0
      node-gyp-build-optional-packages: 5.1.1
      ordered-binary: 1.5.3
      weak-lru-cache: 1.2.2
    optionalDependencies:
      '@lmdb/lmdb-darwin-arm64': 2.8.5
      '@lmdb/lmdb-darwin-x64': 2.8.5
      '@lmdb/lmdb-linux-arm': 2.8.5
      '@lmdb/lmdb-linux-arm64': 2.8.5
      '@lmdb/lmdb-linux-x64': 2.8.5
      '@lmdb/lmdb-win32-x64': 2.8.5

  lru-cache@5.1.1:
    dependencies:
      yallist: 3.1.1

  micromatch@4.0.8:
    dependencies:
      braces: 3.0.3
      picomatch: 2.3.1

  ms@2.1.3: {}

  msgpackr-extract@3.0.3:
    dependencies:
      node-gyp-build-optional-packages: 5.2.2
    optionalDependencies:
      '@msgpackr-extract/msgpackr-extract-darwin-arm64': 3.0.3
      '@msgpackr-extract/msgpackr-extract-darwin-x64': 3.0.3
      '@msgpackr-extract/msgpackr-extract-linux-arm': 3.0.3
      '@msgpackr-extract/msgpackr-extract-linux-arm64': 3.0.3
      '@msgpackr-extract/msgpackr-extract-linux-x64': 3.0.3
      '@msgpackr-extract/msgpackr-extract-win32-x64': 3.0.3
    optional: true

  msgpackr@1.11.4:
    optionalDependencies:
      msgpackr-extract: 3.0.3

  node-addon-api@6.1.0: {}

  node-addon-api@7.1.1: {}

  node-gyp-build-optional-packages@5.1.1:
    dependencies:
      detect-libc: 2.0.4

  node-gyp-build-optional-packages@5.2.2:
    dependencies:
      detect-libc: 2.0.4
    optional: true

  node-releases@2.0.19: {}

  nullthrows@1.1.1: {}

  ordered-binary@1.5.3: {}

  picocolors@1.1.1: {}

  picomatch@2.3.1: {}

  preact@10.26.8: {}

  safe-buffer@5.2.1: {}

  semver@6.3.1: {}

  semver@7.7.2: {}

  supports-color@7.2.0:
    dependencies:
      has-flag: 4.0.0

  to-regex-range@5.0.1:
    dependencies:
      is-number: 7.0.0

  update-browserslist-db@1.1.3(browserslist@4.25.0):
    dependencies:
      browserslist: 4.25.0
      escalade: 3.2.0
      picocolors: 1.1.1

  utility-types@3.11.0: {}

  weak-lru-cache@1.2.2: {}

  yallist@3.1.1: {}
